
Microsoft Visual Studio Solution File, Format Version 12.00
# Visual Studio Version 17
VisualStudioVersion = 17.7.34031.279
MinimumVisualStudioVersion = 10.0.40219.1
Project("{E24C65DC-7377-472B-9ABA-BC803B73C61A}") = "jsProject", "..\..\..\Desktop\statistics\jsProject\", "{4F2E61B2-8F8A-4FA2-B49C-2B20D47372C9}"
	ProjectSection(WebsiteProperties) = preProject
		TargetFrameworkMoniker = ".NETFramework,Version%3Dv4.0"
		Debug.AspNetCompiler.VirtualPath = "/localhost_61720"
		Debug.AspNetCompiler.PhysicalPath = "..\..\..\Desktop\statistics\jsProject\"
		Debug.AspNetCompiler.TargetPath = "PrecompiledWeb\localhost_61720\"
		Debug.AspNetCompiler.Updateable = "true"
		Debug.AspNetCompiler.ForceOverwrite = "true"
		Debug.AspNetCompiler.FixedNames = "false"
		Debug.AspNetCompiler.Debug = "True"
		Release.AspNetCompiler.VirtualPath = "/localhost_61720"
		Release.AspNetCompiler.PhysicalPath = "..\..\..\Desktop\statistics\jsProject\"
		Release.AspNetCompiler.TargetPath = "PrecompiledWeb\localhost_61720\"
		Release.AspNetCompiler.Updateable = "true"
		Release.AspNetCompiler.ForceOverwrite = "true"
		Release.AspNetCompiler.FixedNames = "false"
		Release.AspNetCompiler.Debug = "False"
		VWDPort = "61720"
		SlnRelativePath = "..\..\..\Desktop\statistics\jsProject\"
	EndProjectSection
EndProject
Global
	GlobalSection(SolutionConfigurationPlatforms) = preSolution
		Debug|Any CPU = Debug|Any CPU
	EndGlobalSection
	GlobalSection(ProjectConfigurationPlatforms) = postSolution
		{4F2E61B2-8F8A-4FA2-B49C-2B20D47372C9}.Debug|Any CPU.ActiveCfg = Debug|Any CPU
		{4F2E61B2-8F8A-4FA2-B49C-2B20D47372C9}.Debug|Any CPU.Build.0 = Debug|Any CPU
	EndGlobalSection
	GlobalSection(SolutionProperties) = preSolution
		HideSolutionNode = FALSE
	EndGlobalSection
	GlobalSection(ExtensibilityGlobals) = postSolution
		SolutionGuid = {BBA3D5AD-AE80-445C-ADD6-BD9B10A5FE3E}
	EndGlobalSection
EndGlobal
